
Microsoft Visual Studio Solution File, Format Version 12.00
# Visual Studio Version 16
VisualStudioVersion = 16.0.31410.357
MinimumVisualStudioVersion = 10.0.40219.1
Project("{FAE04EC0-301F-11D3-BF4B-00C04F79EFBC}") = "1", "1\1.csproj", "{608EE283-C9A3-44DF-9CCD-845FF12091A8}"
EndProject
Project("{FAE04EC0-301F-11D3-BF4B-00C04F79EFBC}") = "2", "2\2.csproj", "{67FAE19C-2924-47D2-8851-EEE482652377}"
EndProject
Project("{FAE04EC0-301F-11D3-BF4B-00C04F79EFBC}") = "Modul_3", "Modul_3\Modul_3.csproj", "{604FD0EA-F342-458D-B372-5F920BF7EFEB}"
EndProject
Project("{FAE04EC0-301F-11D3-BF4B-00C04F79EFBC}") = "Modul_4", "Modul_4\Modul_4.csproj", "{4EBE6FDF-2A9C-4C63-ADC9-217EA7AEB2CF}"
EndProject
Project("{FAE04EC0-301F-11D3-BF4B-00C04F79EFBC}") = "Modul_3_part_2", "Modul_3_part_2\Modul_3_part_2.csproj", "{452445D4-D8AF-44D6-A11F-5AA29A5BC13D}"
EndProject
Project("{FAE04EC0-301F-11D3-BF4B-00C04F79EFBC}") = "Modul_5", "Modul5\Modul_5.csproj", "{B5C95D6A-5508-4D71-A74C-AACDC21969F1}"
EndProject
Project("{FAE04EC0-301F-11D3-BF4B-00C04F79EFBC}") = "Modul_6", "Modul_6\Modul_6.csproj", "{6CA0389C-6C41-461C-B495-D7C46CC292E4}"
EndProject
Project("{FAE04EC0-301F-11D3-BF4B-00C04F79EFBC}") = "Modul_7", "Modul_7\Modul_7.csproj", "{728A8738-3D1A-42EB-AF7D-158F6AB283D2}"
EndProject
Project("{FAE04EC0-301F-11D3-BF4B-00C04F79EFBC}") = "Modul_8", "Modul_8\Modul_8.csproj", "{0AAE3047-A7AC-4CAA-8C71-E0C8105C6F26}"
EndProject
Global
	GlobalSection(SolutionConfigurationPlatforms) = preSolution
		Debug|Any CPU = Debug|Any CPU
		Release|Any CPU = Release|Any CPU
	EndGlobalSection
	GlobalSection(ProjectConfigurationPlatforms) = postSolution
		{608EE283-C9A3-44DF-9CCD-845FF12091A8}.Debug|Any CPU.ActiveCfg = Debug|Any CPU
		{608EE283-C9A3-44DF-9CCD-845FF12091A8}.Debug|Any CPU.Build.0 = Debug|Any CPU
		{608EE283-C9A3-44DF-9CCD-845FF12091A8}.Release|Any CPU.ActiveCfg = Release|Any CPU
		{608EE283-C9A3-44DF-9CCD-845FF12091A8}.Release|Any CPU.Build.0 = Release|Any CPU
		{67FAE19C-2924-47D2-8851-EEE482652377}.Debug|Any CPU.ActiveCfg = Debug|Any CPU
		{67FAE19C-2924-47D2-8851-EEE482652377}.Debug|Any CPU.Build.0 = Debug|Any CPU
		{67FAE19C-2924-47D2-8851-EEE482652377}.Release|Any CPU.ActiveCfg = Release|Any CPU
		{67FAE19C-2924-47D2-8851-EEE482652377}.Release|Any CPU.Build.0 = Release|Any CPU
		{604FD0EA-F342-458D-B372-5F920BF7EFEB}.Debug|Any CPU.ActiveCfg = Debug|Any CPU
		{604FD0EA-F342-458D-B372-5F920BF7EFEB}.Debug|Any CPU.Build.0 = Debug|Any CPU
		{604FD0EA-F342-458D-B372-5F920BF7EFEB}.Release|Any CPU.ActiveCfg = Release|Any CPU
		{604FD0EA-F342-458D-B372-5F920BF7EFEB}.Release|Any CPU.Build.0 = Release|Any CPU
		{4EBE6FDF-2A9C-4C63-ADC9-217EA7AEB2CF}.Debug|Any CPU.ActiveCfg = Debug|Any CPU
		{4EBE6FDF-2A9C-4C63-ADC9-217EA7AEB2CF}.Debug|Any CPU.Build.0 = Debug|Any CPU
		{4EBE6FDF-2A9C-4C63-ADC9-217EA7AEB2CF}.Release|Any CPU.ActiveCfg = Release|Any CPU
		{4EBE6FDF-2A9C-4C63-ADC9-217EA7AEB2CF}.Release|Any CPU.Build.0 = Release|Any CPU
		{452445D4-D8AF-44D6-A11F-5AA29A5BC13D}.Debug|Any CPU.ActiveCfg = Debug|Any CPU
		{452445D4-D8AF-44D6-A11F-5AA29A5BC13D}.Debug|Any CPU.Build.0 = Debug|Any CPU
		{452445D4-D8AF-44D6-A11F-5AA29A5BC13D}.Release|Any CPU.ActiveCfg = Release|Any CPU
		{452445D4-D8AF-44D6-A11F-5AA29A5BC13D}.Release|Any CPU.Build.0 = Release|Any CPU
		{B5C95D6A-5508-4D71-A74C-AACDC21969F1}.Debug|Any CPU.ActiveCfg = Debug|Any CPU
		{B5C95D6A-5508-4D71-A74C-AACDC21969F1}.Debug|Any CPU.Build.0 = Debug|Any CPU
		{B5C95D6A-5508-4D71-A74C-AACDC21969F1}.Release|Any CPU.ActiveCfg = Release|Any CPU
		{B5C95D6A-5508-4D71-A74C-AACDC21969F1}.Release|Any CPU.Build.0 = Release|Any CPU
		{6CA0389C-6C41-461C-B495-D7C46CC292E4}.Debug|Any CPU.ActiveCfg = Debug|Any CPU
		{6CA0389C-6C41-461C-B495-D7C46CC292E4}.Debug|Any CPU.Build.0 = Debug|Any CPU
		{6CA0389C-6C41-461C-B495-D7C46CC292E4}.Release|Any CPU.ActiveCfg = Release|Any CPU
		{6CA0389C-6C41-461C-B495-D7C46CC292E4}.Release|Any CPU.Build.0 = Release|Any CPU
		{728A8738-3D1A-42EB-AF7D-158F6AB283D2}.Debug|Any CPU.ActiveCfg = Debug|Any CPU
		{728A8738-3D1A-42EB-AF7D-158F6AB283D2}.Debug|Any CPU.Build.0 = Debug|Any CPU
		{728A8738-3D1A-42EB-AF7D-158F6AB283D2}.Release|Any CPU.ActiveCfg = Release|Any CPU
		{728A8738-3D1A-42EB-AF7D-158F6AB283D2}.Release|Any CPU.Build.0 = Release|Any CPU
		{0AAE3047-A7AC-4CAA-8C71-E0C8105C6F26}.Debug|Any CPU.ActiveCfg = Debug|Any CPU
		{0AAE3047-A7AC-4CAA-8C71-E0C8105C6F26}.Debug|Any CPU.Build.0 = Debug|Any CPU
		{0AAE3047-A7AC-4CAA-8C71-E0C8105C6F26}.Release|Any CPU.ActiveCfg = Release|Any CPU
		{0AAE3047-A7AC-4CAA-8C71-E0C8105C6F26}.Release|Any CPU.Build.0 = Release|Any CPU
	EndGlobalSection
	GlobalSection(SolutionProperties) = preSolution
		HideSolutionNode = FALSE
	EndGlobalSection
	GlobalSection(ExtensibilityGlobals) = postSolution
		SolutionGuid = {C3706BA5-93F8-4C99-8C44-53F5A5CB9720}
	EndGlobalSection
EndGlobal
